PODS:
  - Alamofire (5.0.5)
  - Braintree/ApplePay (5.9.0):
    - Braintree/Core
  - Braintree/Card (5.9.0):
    - Braintree/Core
  - Braintree/Core (5.9.0)
  - Braintree/PaymentFlow (5.9.0):
    - Braintree/Core
    - Braintree/PayPalDataCollector
  - Braintree/PayPal (5.9.0):
    - Braintree/Core
    - Braintree/PayPalDataCollector
  - Braintree/PayPalDataCollector (5.9.0)
  - Braintree/ThreeDSecure (5.9.0):
    - Braintree/Card
    - Braintree/PaymentFlow
  - Braintree/UnionPay (5.9.0):
    - Braintree/Card
  - Braintree/Venmo (5.9.0):
    - Braintree/Core
  - BraintreeDropIn (9.6.0):
    - Braintree/ApplePay (~> 5.9)
    - Braintree/Card (~> 5.9)
    - Braintree/Core (~> 5.9)
    - Braintree/PayPal (~> 5.9)
    - Braintree/ThreeDSecure (~> 5.9)
    - Braintree/UnionPay (~> 5.9)
    - Braintree/Venmo (~> 5.9)
  - Kingfisher (6.3.1)
  - StepperView (1.6.7)

DEPENDENCIES:
  - Alamofire (~> 5.0.0-rc.2)
  - BraintreeDropIn
  - Kingfisher (~> 6.3.1)
  - StepperView (~> 1.6.7)

SPEC REPOS:
  trunk:
    - Alamofire
    - Braintree
    - BraintreeDropIn
    - Kingfisher
    - StepperView

SPEC CHECKSUMS:
  Alamofire: df2f8f826963b08b9a870791ad48e07a10090b2e
  Braintree: 0fc239fcba70ed286130ed38ea18e3da6b7e9259
  BraintreeDropIn: 31882df3fd8d5cb627339c3ecc857e480d8ef7b8
  Kingfisher: 016c8b653a35add51dd34a3aba36b580041acc74
  StepperView: 9b88922ef65712410c0e95c460cd115d33cfd933

PODFILE CHECKSUM: 2e5601e290ffbd5d1a9d6cc03a0d75cf5218695a

COCOAPODS: 1.11.3
