// !$*UTF8*$!
{
	archiveVersion = 1;
	classes = {
	};
	objectVersion = 52;
	objects = {

/* Begin PBXBuildFile section */
		0988272D284648BA005564D0 /* AppDelegate.swift in Sources */ = {isa = PBXBuildFile; fileRef = 0988272C284648BA005564D0 /* AppDelegate.swift */; };
		0988272F284648BA005564D0 /* SceneDelegate.swift in Sources */ = {isa = PBXBuildFile; fileRef = 0988272E284648BA005564D0 /* SceneDelegate.swift */; };
		09882734284648BB005564D0 /* ContentView.swift in Sources */ = {isa = PBXBuildFile; fileRef = 09882733284648BB005564D0 /* ContentView.swift */; };
		09882736284648C3005564D0 /* Assets.xcassets in Resources */ = {isa = PBXBuildFile; fileRef = 09882735284648C3005564D0 /* Assets.xcassets */; };
		09882739284648C3005564D0 /* Preview Assets.xcassets in Resources */ = {isa = PBXBuildFile; fileRef = 09882738284648C3005564D0 /* Preview Assets.xcassets */; };
		0988273C284648C3005564D0 /* LaunchScreen.storyboard in Resources */ = {isa = PBXBuildFile; fileRef = 0988273A284648C3005564D0 /* LaunchScreen.storyboard */; };
		09882747284648C4005564D0 /* E_Commerce_ApplicationTests.swift in Sources */ = {isa = PBXBuildFile; fileRef = 09882746284648C4005564D0 /* E_Commerce_ApplicationTests.swift */; };
		0988275328464AAF005564D0 /* QGrid in Frameworks */ = {isa = PBXBuildFile; productRef = 0988275228464AAF005564D0 /* QGrid */; };
		505A1C4DA596F61EC18702C5 /* Pods_E_Commerce_ApplicationTests.framework in Frameworks */ = {isa = PBXBuildFile; fileRef = 31A74C2A1EE38A1EAC025EF8 /* Pods_E_Commerce_ApplicationTests.framework */; };
		9B3E7B422846A95E00E7597F /* ReviewView.swift in Sources */ = {isa = PBXBuildFile; fileRef = 9B3E7B412846A95E00E7597F /* ReviewView.swift */; };
		9BE7254E2848AD0A0093388A /* ProductDetailsImage.swift in Sources */ = {isa = PBXBuildFile; fileRef = 9BE725102848AD070093388A /* ProductDetailsImage.swift */; };
		9BE7254F2848AD0A0093388A /* ProductDetailsContent.swift in Sources */ = {isa = PBXBuildFile; fileRef = 9BE725112848AD070093388A /* ProductDetailsContent.swift */; };
		9BE725502848AD0A0093388A /* FeatureCard.swift in Sources */ = {isa = PBXBuildFile; fileRef = 9BE725132848AD070093388A /* FeatureCard.swift */; };
		9BE725512848AD0A0093388A /* PageControl.swift in Sources */ = {isa = PBXBuildFile; fileRef = 9BE725142848AD070093388A /* PageControl.swift */; };
		9BE725522848AD0A0093388A /* PageViewController.swift in Sources */ = {isa = PBXBuildFile; fileRef = 9BE725152848AD070093388A /* PageViewController.swift */; };
		9BE725532848AD0A0093388A /* PageView.swift in Sources */ = {isa = PBXBuildFile; fileRef = 9BE725162848AD070093388A /* PageView.swift */; };
		9BE725542848AD0A0093388A /* ProductDetails.swift in Sources */ = {isa = PBXBuildFile; fileRef = 9BE725172848AD070093388A /* ProductDetails.swift */; };
		9BE725552848AD0A0093388A /* CategoryCell.swift in Sources */ = {isa = PBXBuildFile; fileRef = 9BE7251A2848AD070093388A /* CategoryCell.swift */; };
		9BE725562848AD0A0093388A /* CategorySearchBar.swift in Sources */ = {isa = PBXBuildFile; fileRef = 9BE7251B2848AD070093388A /* CategorySearchBar.swift */; };
		9BE725572848AD0A0093388A /* CategoryTabs.swift in Sources */ = {isa = PBXBuildFile; fileRef = 9BE7251C2848AD070093388A /* CategoryTabs.swift */; };
		9BE725582848AD0A0093388A /* CategoryNavigationBar.swift in Sources */ = {isa = PBXBuildFile; fileRef = 9BE7251D2848AD070093388A /* CategoryNavigationBar.swift */; };
		9BE725592848AD0A0093388A /* CategoryScreen.swift in Sources */ = {isa = PBXBuildFile; fileRef = 9BE7251E2848AD070093388A /* CategoryScreen.swift */; };
		9BE7255A2848AD0A0093388A /* LoginScreen.swift in Sources */ = {isa = PBXBuildFile; fileRef = 9BE725212848AD070093388A /* LoginScreen.swift */; };
		9BE7255B2848AD0A0093388A /* ProfileNavigationBar.swift in Sources */ = {isa = PBXBuildFile; fileRef = 9BE725242848AD080093388A /* ProfileNavigationBar.swift */; };
		9BE7255C2848AD0A0093388A /* ProfileScreen.swift in Sources */ = {isa = PBXBuildFile; fileRef = 9BE725252848AD080093388A /* ProfileScreen.swift */; };
		9BE7255D2848AD0A0093388A /* ProductRow.swift in Sources */ = {isa = PBXBuildFile; fileRef = 9BE725262848AD080093388A /* ProductRow.swift */; };
		9BE7255E2848AD0A0093388A /* ProfileWishlist.swift in Sources */ = {isa = PBXBuildFile; fileRef = 9BE725272848AD080093388A /* ProfileWishlist.swift */; };
		9BE7255F2848AD0A0093388A /* ProfileOrders.swift in Sources */ = {isa = PBXBuildFile; fileRef = 9BE725282848AD080093388A /* ProfileOrders.swift */; };
		9BE725612848AD0A0093388A /* SettingsView.swift in Sources */ = {isa = PBXBuildFile; fileRef = 9BE7252E2848AD080093388A /* SettingsView.swift */; };
		9BE725632848AD0A0093388A /* BannerViewSettings.swift in Sources */ = {isa = PBXBuildFile; fileRef = 9BE725302848AD080093388A /* BannerViewSettings.swift */; };
		9BE725642848AD0A0093388A /* OrderListView.swift in Sources */ = {isa = PBXBuildFile; fileRef = 9BE725332848AD080093388A /* OrderListView.swift */; };
		9BE725652848AD0A0093388A /* OrderRow.swift in Sources */ = {isa = PBXBuildFile; fileRef = 9BE725342848AD080093388A /* OrderRow.swift */; };
		9BE725662848AD0A0093388A /* ProductRowDetails.swift in Sources */ = {isa = PBXBuildFile; fileRef = 9BE725352848AD080093388A /* ProductRowDetails.swift */; };
		9BE725672848AD0A0093388A /* HeaderView.swift in Sources */ = {isa = PBXBuildFile; fileRef = 9BE725362848AD080093388A /* HeaderView.swift */; };
		9BE725682848AD0A0093388A /* emptyList.swift in Sources */ = {isa = PBXBuildFile; fileRef = 9BE725372848AD080093388A /* emptyList.swift */; };
		9BE725692848AD0A0093388A /* emptyWishList.swift in Sources */ = {isa = PBXBuildFile; fileRef = 9BE7253A2848AD090093388A /* emptyWishList.swift */; };
		9BE7256A2848AD0A0093388A /* ProductDetailsWishList.swift in Sources */ = {isa = PBXBuildFile; fileRef = 9BE7253B2848AD090093388A /* ProductDetailsWishList.swift */; };
		9BE7256B2848AD0A0093388A /* WishListRow.swift in Sources */ = {isa = PBXBuildFile; fileRef = 9BE7253C2848AD090093388A /* WishListRow.swift */; };
		9BE7256C2848AD0A0093388A /* WishList.swift in Sources */ = {isa = PBXBuildFile; fileRef = 9BE7253D2848AD090093388A /* WishList.swift */; };
		9BE7256D2848AD0A0093388A /* ProductCell.swift in Sources */ = {isa = PBXBuildFile; fileRef = 9BE725402848AD090093388A /* ProductCell.swift */; };
		9BE7256E2848AD0A0093388A /* ProductScreen.swift in Sources */ = {isa = PBXBuildFile; fileRef = 9BE725412848AD090093388A /* ProductScreen.swift */; };
		9BE7256F2848AD0A0093388A /* BannerView.swift in Sources */ = {isa = PBXBuildFile; fileRef = 9BE725442848AD090093388A /* BannerView.swift */; };
		9BE725702848AD0A0093388A /* BrandView.swift in Sources */ = {isa = PBXBuildFile; fileRef = 9BE725452848AD090093388A /* BrandView.swift */; };
		9BE725712848AD0A0093388A /* HomeScreen.swift in Sources */ = {isa = PBXBuildFile; fileRef = 9BE725462848AD090093388A /* HomeScreen.swift */; };
		9BE725722848AD0A0093388A /* NavigationHome.swift in Sources */ = {isa = PBXBuildFile; fileRef = 9BE725472848AD090093388A /* NavigationHome.swift */; };
		9BE725732848AD0A0093388A /* FakePojo.swift in Sources */ = {isa = PBXBuildFile; fileRef = 9BE725482848AD090093388A /* FakePojo.swift */; };
		9BE725742848AD0A0093388A /* Address.swift in Sources */ = {isa = PBXBuildFile; fileRef = 9BE7254B2848AD090093388A /* Address.swift */; };
		9BE725752848AD0A0093388A /* PaymentScreens.swift in Sources */ = {isa = PBXBuildFile; fileRef = 9BE7254C2848AD090093388A /* PaymentScreens.swift */; };
		9BE725762848AD0A0093388A /* AddressItem.swift in Sources */ = {isa = PBXBuildFile; fileRef = 9BE7254D2848AD090093388A /* AddressItem.swift */; };
		9BE7257F2848AD230093388A /* Product.swift in Sources */ = {isa = PBXBuildFile; fileRef = 9BE725782848AD230093388A /* Product.swift */; };
		9BE725822848AD230093388A /* Constants.swift in Sources */ = {isa = PBXBuildFile; fileRef = 9BE7257E2848AD230093388A /* Constants.swift */; };
		BC4B1C74284F7F17003A6138 /* NetworkAPI.swift in Sources */ = {isa = PBXBuildFile; fileRef = BC4B1C6B284F7F17003A6138 /* NetworkAPI.swift */; };
		BC4B1C75284F7F17003A6138 /* NetworkRequest.swift in Sources */ = {isa = PBXBuildFile; fileRef = BC4B1C6C284F7F17003A6138 /* NetworkRequest.swift */; };
		BC4B1C76284F7F17003A6138 /* TargetType.swift in Sources */ = {isa = PBXBuildFile; fileRef = BC4B1C6E284F7F17003A6138 /* TargetType.swift */; };
		BC4B1C77284F7F17003A6138 /* BaseAPI.swift in Sources */ = {isa = PBXBuildFile; fileRef = BC4B1C6F284F7F17003A6138 /* BaseAPI.swift */; };
		BC4B1C78284F7F17003A6138 /* E_Commerce_Application.xcdatamodeld in Sources */ = {isa = PBXBuildFile; fileRef = BC4B1C71284F7F17003A6138 /* E_Commerce_Application.xcdatamodeld */; };
		BC4B1C79284F7F17003A6138 /* Product-Item.swift in Sources */ = {isa = PBXBuildFile; fileRef = BC4B1C73284F7F17003A6138 /* Product-Item.swift */; };
		BC4B1C7B284F7F2C003A6138 /* BodySettingsView.swift in Sources */ = {isa = PBXBuildFile; fileRef = BC4B1C7A284F7F2C003A6138 /* BodySettingsView.swift */; };
		BC4B1C7E284F7F3B003A6138 /* Customer.swift in Sources */ = {isa = PBXBuildFile; fileRef = BC4B1C7C284F7F3B003A6138 /* Customer.swift */; };
		BC4B1C7F284F7F3B003A6138 /* ErrorResponse.swift in Sources */ = {isa = PBXBuildFile; fileRef = BC4B1C7D284F7F3B003A6138 /* ErrorResponse.swift */; };
		BC4B1C82284F7F78003A6138 /* SearchBarIcon.swift in Sources */ = {isa = PBXBuildFile; fileRef = BC4B1C80284F7F78003A6138 /* SearchBarIcon.swift */; };
		BC4B1C83284F7F78003A6138 /* TabBarHome.swift in Sources */ = {isa = PBXBuildFile; fileRef = BC4B1C81284F7F78003A6138 /* TabBarHome.swift */; };
		BC4B1C86284F7F93003A6138 /* LoginViewModel.swift in Sources */ = {isa = PBXBuildFile; fileRef = BC4B1C85284F7F93003A6138 /* LoginViewModel.swift */; };
		BC4B1C8C284F7FB1003A6138 /* RegisterViewModel.swift in Sources */ = {isa = PBXBuildFile; fileRef = BC4B1C89284F7FB1003A6138 /* RegisterViewModel.swift */; };
		BC4B1C8D284F7FB1003A6138 /* RegisterScreen.swift in Sources */ = {isa = PBXBuildFile; fileRef = BC4B1C8B284F7FB1003A6138 /* RegisterScreen.swift */; };
		D5EB3D7698ABF007CE2A1F82 /* Pods_E_Commerce_Application.framework in Frameworks */ = {isa = PBXBuildFile; fileRef = 469D3EC93C5E2DCF9C5078F2 /* Pods_E_Commerce_Application.framework */; };
/* End PBXBuildFile section */

/* Begin PBXContainerItemProxy section */
		09882743284648C4005564D0 /* PBXContainerItemProxy */ = {
			isa = PBXContainerItemProxy;
			containerPortal = 09882721284648BA005564D0 /* Project object */;
			proxyType = 1;
			remoteGlobalIDString = 09882728284648BA005564D0;
			remoteInfo = "E-Commerce Application";
		};
/* End PBXContainerItemProxy section */

/* Begin PBXFileReference section */
		09147741E2FBF96EF4B3080B /* Pods-E-Commerce Application.release.xcconfig */ = {isa = PBXFileReference; includeInIndex = 1; lastKnownFileType = text.xcconfig; name = "Pods-E-Commerce Application.release.xcconfig"; path = "Target Support Files/Pods-E-Commerce Application/Pods-E-Commerce Application.release.xcconfig"; sourceTree = "<group>"; };
		09882729284648BA005564D0 /* E-Commerce Application.app */ = {isa = PBXFileReference; explicitFileType = wrapper.application; includeInIndex = 0; path = "E-Commerce Application.app"; sourceTree = BUILT_PRODUCTS_DIR; };
		0988272C284648BA005564D0 /* AppDelegate.swift */ = {isa = PBXFileReference; lastKnownFileType = sourcecode.swift; path = AppDelegate.swift; sourceTree = "<group>"; };
		0988272E284648BA005564D0 /* SceneDelegate.swift */ = {isa = PBXFileReference; lastKnownFileType = sourcecode.swift; path = SceneDelegate.swift; sourceTree = "<group>"; };
		09882733284648BB005564D0 /* ContentView.swift */ = {isa = PBXFileReference; lastKnownFileType = sourcecode.swift; path = ContentView.swift; sourceTree = "<group>"; };
		09882735284648C3005564D0 /* Assets.xcassets */ = {isa = PBXFileReference; lastKnownFileType = folder.assetcatalog; path = Assets.xcassets; sourceTree = "<group>"; };
		09882738284648C3005564D0 /* Preview Assets.xcassets */ = {isa = PBXFileReference; lastKnownFileType = folder.assetcatalog; path = "Preview Assets.xcassets"; sourceTree = "<group>"; };
		0988273B284648C3005564D0 /* Base */ = {isa = PBXFileReference; lastKnownFileType = file.storyboard; name = Base; path = Base.lproj/LaunchScreen.storyboard; sourceTree = "<group>"; };
		0988273D284648C4005564D0 /* Info.plist */ = {isa = PBXFileReference; lastKnownFileType = text.plist.xml; path = Info.plist; sourceTree = "<group>"; };
		09882742284648C4005564D0 /* E-Commerce ApplicationTests.xctest */ = {isa = PBXFileReference; explicitFileType = wrapper.cfbundle; includeInIndex = 0; path = "E-Commerce ApplicationTests.xctest"; sourceTree = BUILT_PRODUCTS_DIR; };
		09882746284648C4005564D0 /* E_Commerce_ApplicationTests.swift */ = {isa = PBXFileReference; lastKnownFileType = sourcecode.swift; path = E_Commerce_ApplicationTests.swift; sourceTree = "<group>"; };
		09882748284648C4005564D0 /* Info.plist */ = {isa = PBXFileReference; lastKnownFileType = text.plist.xml; path = Info.plist; sourceTree = "<group>"; };
		31A74C2A1EE38A1EAC025EF8 /* Pods_E_Commerce_ApplicationTests.framework */ = {isa = PBXFileReference; explicitFileType = wrapper.framework; includeInIndex = 0; path = Pods_E_Commerce_ApplicationTests.framework; sourceTree = BUILT_PRODUCTS_DIR; };
		469D3EC93C5E2DCF9C5078F2 /* Pods_E_Commerce_Application.framework */ = {isa = PBXFileReference; explicitFileType = wrapper.framework; includeInIndex = 0; path = Pods_E_Commerce_Application.framework; sourceTree = BUILT_PRODUCTS_DIR; };
		9B3E7B412846A95E00E7597F /* ReviewView.swift */ = {isa = PBXFileReference; fileEncoding = 4; lastKnownFileType = sourcecode.swift; path = ReviewView.swift; sourceTree = "<group>"; };
		9BE725102848AD070093388A /* ProductDetailsImage.swift */ = {isa = PBXFileReference; fileEncoding = 4; lastKnownFileType = sourcecode.swift; path = ProductDetailsImage.swift; sourceTree = "<group>"; };
		9BE725112848AD070093388A /* ProductDetailsContent.swift */ = {isa = PBXFileReference; fileEncoding = 4; lastKnownFileType = sourcecode.swift; path = ProductDetailsContent.swift; sourceTree = "<group>"; };
		9BE725132848AD070093388A /* FeatureCard.swift */ = {isa = PBXFileReference; fileEncoding = 4; lastKnownFileType = sourcecode.swift; path = FeatureCard.swift; sourceTree = "<group>"; };
		9BE725142848AD070093388A /* PageControl.swift */ = {isa = PBXFileReference; fileEncoding = 4; lastKnownFileType = sourcecode.swift; path = PageControl.swift; sourceTree = "<group>"; };
		9BE725152848AD070093388A /* PageViewController.swift */ = {isa = PBXFileReference; fileEncoding = 4; lastKnownFileType = sourcecode.swift; path = PageViewController.swift; sourceTree = "<group>"; };
		9BE725162848AD070093388A /* PageView.swift */ = {isa = PBXFileReference; fileEncoding = 4; lastKnownFileType = sourcecode.swift; path = PageView.swift; sourceTree = "<group>"; };
		9BE725172848AD070093388A /* ProductDetails.swift */ = {isa = PBXFileReference; fileEncoding = 4; lastKnownFileType = sourcecode.swift; path = ProductDetails.swift; sourceTree = "<group>"; };
		9BE7251A2848AD070093388A /* CategoryCell.swift */ = {isa = PBXFileReference; fileEncoding = 4; lastKnownFileType = sourcecode.swift; path = CategoryCell.swift; sourceTree = "<group>"; };
		9BE7251B2848AD070093388A /* CategorySearchBar.swift */ = {isa = PBXFileReference; fileEncoding = 4; lastKnownFileType = sourcecode.swift; path = CategorySearchBar.swift; sourceTree = "<group>"; };
		9BE7251C2848AD070093388A /* CategoryTabs.swift */ = {isa = PBXFileReference; fileEncoding = 4; lastKnownFileType = sourcecode.swift; path = CategoryTabs.swift; sourceTree = "<group>"; };
		9BE7251D2848AD070093388A /* CategoryNavigationBar.swift */ = {isa = PBXFileReference; fileEncoding = 4; lastKnownFileType = sourcecode.swift; path = CategoryNavigationBar.swift; sourceTree = "<group>"; };
		9BE7251E2848AD070093388A /* CategoryScreen.swift */ = {isa = PBXFileReference; fileEncoding = 4; lastKnownFileType = sourcecode.swift; path = CategoryScreen.swift; sourceTree = "<group>"; };
		9BE725212848AD070093388A /* LoginScreen.swift */ = {isa = PBXFileReference; fileEncoding = 4; lastKnownFileType = sourcecode.swift; path = LoginScreen.swift; sourceTree = "<group>"; };
		9BE725242848AD080093388A /* ProfileNavigationBar.swift */ = {isa = PBXFileReference; fileEncoding = 4; lastKnownFileType = sourcecode.swift; path = ProfileNavigationBar.swift; sourceTree = "<group>"; };
		9BE725252848AD080093388A /* ProfileScreen.swift */ = {isa = PBXFileReference; fileEncoding = 4; lastKnownFileType = sourcecode.swift; path = ProfileScreen.swift; sourceTree = "<group>"; };
		9BE725262848AD080093388A /* ProductRow.swift */ = {isa = PBXFileReference; fileEncoding = 4; lastKnownFileType = sourcecode.swift; path = ProductRow.swift; sourceTree = "<group>"; };
		9BE725272848AD080093388A /* ProfileWishlist.swift */ = {isa = PBXFileReference; fileEncoding = 4; lastKnownFileType = sourcecode.swift; path = ProfileWishlist.swift; sourceTree = "<group>"; };
		9BE725282848AD080093388A /* ProfileOrders.swift */ = {isa = PBXFileReference; fileEncoding = 4; lastKnownFileType = sourcecode.swift; path = ProfileOrders.swift; sourceTree = "<group>"; };
		9BE7252E2848AD080093388A /* SettingsView.swift */ = {isa = PBXFileReference; fileEncoding = 4; lastKnownFileType = sourcecode.swift; path = SettingsView.swift; sourceTree = "<group>"; };
		9BE725302848AD080093388A /* BannerViewSettings.swift */ = {isa = PBXFileReference; fileEncoding = 4; lastKnownFileType = sourcecode.swift; path = BannerViewSettings.swift; sourceTree = "<group>"; };
		9BE725332848AD080093388A /* OrderListView.swift */ = {isa = PBXFileReference; fileEncoding = 4; lastKnownFileType = sourcecode.swift; path = OrderListView.swift; sourceTree = "<group>"; };
		9BE725342848AD080093388A /* OrderRow.swift */ = {isa = PBXFileReference; fileEncoding = 4; lastKnownFileType = sourcecode.swift; path = OrderRow.swift; sourceTree = "<group>"; };
		9BE725352848AD080093388A /* ProductRowDetails.swift */ = {isa = PBXFileReference; fileEncoding = 4; lastKnownFileType = sourcecode.swift; path = ProductRowDetails.swift; sourceTree = "<group>"; };
		9BE725362848AD080093388A /* HeaderView.swift */ = {isa = PBXFileReference; fileEncoding = 4; lastKnownFileType = sourcecode.swift; path = HeaderView.swift; sourceTree = "<group>"; };
		9BE725372848AD080093388A /* emptyList.swift */ = {isa = PBXFileReference; fileEncoding = 4; lastKnownFileType = sourcecode.swift; path = emptyList.swift; sourceTree = "<group>"; };
		9BE7253A2848AD090093388A /* emptyWishList.swift */ = {isa = PBXFileReference; fileEncoding = 4; lastKnownFileType = sourcecode.swift; path = emptyWishList.swift; sourceTree = "<group>"; };
		9BE7253B2848AD090093388A /* ProductDetailsWishList.swift */ = {isa = PBXFileReference; fileEncoding = 4; lastKnownFileType = sourcecode.swift; path = ProductDetailsWishList.swift; sourceTree = "<group>"; };
		9BE7253C2848AD090093388A /* WishListRow.swift */ = {isa = PBXFileReference; fileEncoding = 4; lastKnownFileType = sourcecode.swift; path = WishListRow.swift; sourceTree = "<group>"; };
		9BE7253D2848AD090093388A /* WishList.swift */ = {isa = PBXFileReference; fileEncoding = 4; lastKnownFileType = sourcecode.swift; path = WishList.swift; sourceTree = "<group>"; };
		9BE725402848AD090093388A /* ProductCell.swift */ = {isa = PBXFileReference; fileEncoding = 4; lastKnownFileType = sourcecode.swift; path = ProductCell.swift; sourceTree = "<group>"; };
		9BE725412848AD090093388A /* ProductScreen.swift */ = {isa = PBXFileReference; fileEncoding = 4; lastKnownFileType = sourcecode.swift; path = ProductScreen.swift; sourceTree = "<group>"; };
		9BE725442848AD090093388A /* BannerView.swift */ = {isa = PBXFileReference; fileEncoding = 4; lastKnownFileType = sourcecode.swift; path = BannerView.swift; sourceTree = "<group>"; };
		9BE725452848AD090093388A /* BrandView.swift */ = {isa = PBXFileReference; fileEncoding = 4; lastKnownFileType = sourcecode.swift; path = BrandView.swift; sourceTree = "<group>"; };
		9BE725462848AD090093388A /* HomeScreen.swift */ = {isa = PBXFileReference; fileEncoding = 4; lastKnownFileType = sourcecode.swift; path = HomeScreen.swift; sourceTree = "<group>"; };
		9BE725472848AD090093388A /* NavigationHome.swift */ = {isa = PBXFileReference; fileEncoding = 4; lastKnownFileType = sourcecode.swift; path = NavigationHome.swift; sourceTree = "<group>"; };
		9BE725482848AD090093388A /* FakePojo.swift */ = {isa = PBXFileReference; fileEncoding = 4; lastKnownFileType = sourcecode.swift; path = FakePojo.swift; sourceTree = "<group>"; };
		9BE7254B2848AD090093388A /* Address.swift */ = {isa = PBXFileReference; fileEncoding = 4; lastKnownFileType = sourcecode.swift; path = Address.swift; sourceTree = "<group>"; };
		9BE7254C2848AD090093388A /* PaymentScreens.swift */ = {isa = PBXFileReference; fileEncoding = 4; lastKnownFileType = sourcecode.swift; path = PaymentScreens.swift; sourceTree = "<group>"; };
		9BE7254D2848AD090093388A /* AddressItem.swift */ = {isa = PBXFileReference; fileEncoding = 4; lastKnownFileType = sourcecode.swift; path = AddressItem.swift; sourceTree = "<group>"; };
		9BE725782848AD230093388A /* Product.swift */ = {isa = PBXFileReference; fileEncoding = 4; lastKnownFileType = sourcecode.swift; path = Product.swift; sourceTree = "<group>"; };
		9BE7257E2848AD230093388A /* Constants.swift */ = {isa = PBXFileReference; fileEncoding = 4; lastKnownFileType = sourcecode.swift; path = Constants.swift; sourceTree = "<group>"; };
		BC4B1C6B284F7F17003A6138 /* NetworkAPI.swift */ = {isa = PBXFileReference; fileEncoding = 4; lastKnownFileType = sourcecode.swift; path = NetworkAPI.swift; sourceTree = "<group>"; };
		BC4B1C6C284F7F17003A6138 /* NetworkRequest.swift */ = {isa = PBXFileReference; fileEncoding = 4; lastKnownFileType = sourcecode.swift; path = NetworkRequest.swift; sourceTree = "<group>"; };
		BC4B1C6E284F7F17003A6138 /* TargetType.swift */ = {isa = PBXFileReference; fileEncoding = 4; lastKnownFileType = sourcecode.swift; path = TargetType.swift; sourceTree = "<group>"; };
		BC4B1C6F284F7F17003A6138 /* BaseAPI.swift */ = {isa = PBXFileReference; fileEncoding = 4; lastKnownFileType = sourcecode.swift; path = BaseAPI.swift; sourceTree = "<group>"; };
		BC4B1C72284F7F17003A6138 /* E_Commerce_Application.xcdatamodel */ = {isa = PBXFileReference; lastKnownFileType = wrapper.xcdatamodel; path = E_Commerce_Application.xcdatamodel; sourceTree = "<group>"; };
		BC4B1C73284F7F17003A6138 /* Product-Item.swift */ = {isa = PBXFileReference; fileEncoding = 4; lastKnownFileType = sourcecode.swift; path = "Product-Item.swift"; sourceTree = "<group>"; };
		BC4B1C7A284F7F2C003A6138 /* BodySettingsView.swift */ = {isa = PBXFileReference; fileEncoding = 4; lastKnownFileType = sourcecode.swift; path = BodySettingsView.swift; sourceTree = "<group>"; };
		BC4B1C7C284F7F3B003A6138 /* Customer.swift */ = {isa = PBXFileReference; fileEncoding = 4; lastKnownFileType = sourcecode.swift; path = Customer.swift; sourceTree = "<group>"; };
		BC4B1C7D284F7F3B003A6138 /* ErrorResponse.swift */ = {isa = PBXFileReference; fileEncoding = 4; lastKnownFileType = sourcecode.swift; path = ErrorResponse.swift; sourceTree = "<group>"; };
		BC4B1C80284F7F78003A6138 /* SearchBarIcon.swift */ = {isa = PBXFileReference; fileEncoding = 4; lastKnownFileType = sourcecode.swift; path = SearchBarIcon.swift; sourceTree = "<group>"; };
		BC4B1C81284F7F78003A6138 /* TabBarHome.swift */ = {isa = PBXFileReference; fileEncoding = 4; lastKnownFileType = sourcecode.swift; path = TabBarHome.swift; sourceTree = "<group>"; };
		BC4B1C85284F7F93003A6138 /* LoginViewModel.swift */ = {isa = PBXFileReference; fileEncoding = 4; lastKnownFileType = sourcecode.swift; path = LoginViewModel.swift; sourceTree = "<group>"; };
		BC4B1C89284F7FB1003A6138 /* RegisterViewModel.swift */ = {isa = PBXFileReference; fileEncoding = 4; lastKnownFileType = sourcecode.swift; path = RegisterViewModel.swift; sourceTree = "<group>"; };
		BC4B1C8B284F7FB1003A6138 /* RegisterScreen.swift */ = {isa = PBXFileReference; fileEncoding = 4; lastKnownFileType = sourcecode.swift; path = RegisterScreen.swift; sourceTree = "<group>"; };
		C7E10D176604350891750C79 /* Pods-E-Commerce ApplicationTests.debug.xcconfig */ = {isa = PBXFileReference; includeInIndex = 1; lastKnownFileType = text.xcconfig; name = "Pods-E-Commerce ApplicationTests.debug.xcconfig"; path = "Target Support Files/Pods-E-Commerce ApplicationTests/Pods-E-Commerce ApplicationTests.debug.xcconfig"; sourceTree = "<group>"; };
		D12F88E8F1ED3D871A07E083 /* Pods-E-Commerce Application.debug.xcconfig */ = {isa = PBXFileReference; includeInIndex = 1; lastKnownFileType = text.xcconfig; name = "Pods-E-Commerce Application.debug.xcconfig"; path = "Target Support Files/Pods-E-Commerce Application/Pods-E-Commerce Application.debug.xcconfig"; sourceTree = "<group>"; };
		EBD56879B8196BA006BD4741 /* Pods-E-Commerce ApplicationTests.release.xcconfig */ = {isa = PBXFileReference; includeInIndex = 1; lastKnownFileType = text.xcconfig; name = "Pods-E-Commerce ApplicationTests.release.xcconfig"; path = "Target Support Files/Pods-E-Commerce ApplicationTests/Pods-E-Commerce ApplicationTests.release.xcconfig"; sourceTree = "<group>"; };
/* End PBXFileReference section */

/* Begin PBXFrameworksBuildPhase section */
		09882726284648BA005564D0 /* Frameworks */ = {
			isa = PBXFrameworksBuildPhase;
			buildActionMask = 2147483647;
			files = (
				0988275328464AAF005564D0 /* QGrid in Frameworks */,
				D5EB3D7698ABF007CE2A1F82 /* Pods_E_Commerce_Application.framework in Frameworks */,
			);
			runOnlyForDeploymentPostprocessing = 0;
		};
		0988273F284648C4005564D0 /* Frameworks */ = {
			isa = PBXFrameworksBuildPhase;
			buildActionMask = 2147483647;
			files = (
				505A1C4DA596F61EC18702C5 /* Pods_E_Commerce_ApplicationTests.framework in Frameworks */,
			);
			runOnlyForDeploymentPostprocessing = 0;
		};
/* End PBXFrameworksBuildPhase section */

/* Begin PBXGroup section */
		09882720284648BA005564D0 = {
			isa = PBXGroup;
			children = (
				0988272B284648BA005564D0 /* E-Commerce Application */,
				09882745284648C4005564D0 /* E-Commerce ApplicationTests */,
				0988272A284648BA005564D0 /* Products */,
				D078A937AFC430B77F08BCCE /* Pods */,
				CE151C82085CD6ED388BC391 /* Frameworks */,
			);
			sourceTree = "<group>";
		};
		0988272A284648BA005564D0 /* Products */ = {
			isa = PBXGroup;
			children = (
				09882729284648BA005564D0 /* E-Commerce Application.app */,
				09882742284648C4005564D0 /* E-Commerce ApplicationTests.xctest */,
			);
			name = Products;
			sourceTree = "<group>";
		};
		0988272B284648BA005564D0 /* E-Commerce Application */ = {
			isa = PBXGroup;
			children = (
				BC4B1C67284F7F17003A6138 /* Services */,
				9BE725772848AD230093388A /* Model */,
				9BE7257D2848AD230093388A /* Utils */,
				0988275828464AF7005564D0 /* View */,
				0988275428464ABF005564D0 /* Module */,
				0988272C284648BA005564D0 /* AppDelegate.swift */,
				0988272E284648BA005564D0 /* SceneDelegate.swift */,
				09882733284648BB005564D0 /* ContentView.swift */,
				09882735284648C3005564D0 /* Assets.xcassets */,
				0988273D284648C4005564D0 /* Info.plist */,
				09882737284648C3005564D0 /* Preview Content */,
			);
			path = "E-Commerce Application";
			sourceTree = "<group>";
		};
		09882737284648C3005564D0 /* Preview Content */ = {
			isa = PBXGroup;
			children = (
				09882738284648C3005564D0 /* Preview Assets.xcassets */,
			);
			path = "Preview Content";
			sourceTree = "<group>";
		};
		09882745284648C4005564D0 /* E-Commerce ApplicationTests */ = {
			isa = PBXGroup;
			children = (
				09882746284648C4005564D0 /* E_Commerce_ApplicationTests.swift */,
				09882748284648C4005564D0 /* Info.plist */,
			);
			path = "E-Commerce ApplicationTests";
			sourceTree = "<group>";
		};
		0988275428464ABF005564D0 /* Module */ = {
			isa = PBXGroup;
			children = (
				BC4B1C87284F7FB1003A6138 /* Register */,
				9BE725182848AD070093388A /* CategoryScreen */,
				9BE725422848AD090093388A /* Home */,
				9BE7251F2848AD070093388A /* Login */,
				9BE725492848AD090093388A /* PaymentScreens */,
				9BE7250E2848AD070093388A /* ProductDetails */,
				9BE7253E2848AD090093388A /* ProductScreen */,
				9BE725222848AD080093388A /* ProfileScreen */,
				9BE7252C2848AD080093388A /* SettingsScreen */,
				9BE725312848AD080093388A /* ShoppingCart  */,
				9BE725382848AD090093388A /* WishList */,
				9B3E7B3E2846A93100E7597F /* ReviewScreen */,
			);
			path = Module;
			sourceTree = "<group>";
		};
		0988275828464AF7005564D0 /* View */ = {
			isa = PBXGroup;
			children = (
				0988273A284648C3005564D0 /* LaunchScreen.storyboard */,
			);
			path = View;
			sourceTree = "<group>";
		};
		9B3E7B3E2846A93100E7597F /* ReviewScreen */ = {
			isa = PBXGroup;
			children = (
				9B3E7B402846A94B00E7597F /* ViewModel */,
				9B3E7B3F2846A94300E7597F /* View */,
			);
			path = ReviewScreen;
			sourceTree = "<group>";
		};
		9B3E7B3F2846A94300E7597F /* View */ = {
			isa = PBXGroup;
			children = (
				9B3E7B412846A95E00E7597F /* ReviewView.swift */,
			);
			path = View;
			sourceTree = "<group>";
		};
		9B3E7B402846A94B00E7597F /* ViewModel */ = {
			isa = PBXGroup;
			children = (
			);
			path = ViewModel;
			sourceTree = "<group>";
		};
		9BE7250E2848AD070093388A /* ProductDetails */ = {
			isa = PBXGroup;
			children = (
				9BE7250F2848AD070093388A /* View */,
			);
			path = ProductDetails;
			sourceTree = "<group>";
		};
		9BE7250F2848AD070093388A /* View */ = {
			isa = PBXGroup;
			children = (
				9BE725102848AD070093388A /* ProductDetailsImage.swift */,
				9BE725112848AD070093388A /* ProductDetailsContent.swift */,
				9BE725172848AD070093388A /* ProductDetails.swift */,
				9BE725122848AD070093388A /* PageView */,
			);
			path = View;
			sourceTree = "<group>";
		};
		9BE725122848AD070093388A /* PageView */ = {
			isa = PBXGroup;
			children = (
				9BE725132848AD070093388A /* FeatureCard.swift */,
				9BE725142848AD070093388A /* PageControl.swift */,
				9BE725152848AD070093388A /* PageViewController.swift */,
				9BE725162848AD070093388A /* PageView.swift */,
			);
			path = PageView;
			sourceTree = "<group>";
		};
		9BE725182848AD070093388A /* CategoryScreen */ = {
			isa = PBXGroup;
			children = (
				9BE725192848AD070093388A /* View */,
			);
			path = CategoryScreen;
			sourceTree = "<group>";
		};
		9BE725192848AD070093388A /* View */ = {
			isa = PBXGroup;
			children = (
				9BE7251A2848AD070093388A /* CategoryCell.swift */,
				9BE7251B2848AD070093388A /* CategorySearchBar.swift */,
				9BE7251C2848AD070093388A /* CategoryTabs.swift */,
				9BE7251D2848AD070093388A /* CategoryNavigationBar.swift */,
				9BE7251E2848AD070093388A /* CategoryScreen.swift */,
			);
			path = View;
			sourceTree = "<group>";
		};
		9BE7251F2848AD070093388A /* Login */ = {
			isa = PBXGroup;
			children = (
				BC4B1C84284F7F93003A6138 /* ViewModel */,
				9BE725202848AD070093388A /* View */,
			);
			path = Login;
			sourceTree = "<group>";
		};
		9BE725202848AD070093388A /* View */ = {
			isa = PBXGroup;
			children = (
				9BE725212848AD070093388A /* LoginScreen.swift */,
			);
			path = View;
			sourceTree = "<group>";
		};
		9BE725222848AD080093388A /* ProfileScreen */ = {
			isa = PBXGroup;
			children = (
				9BE725232848AD080093388A /* View */,
			);
			path = ProfileScreen;
			sourceTree = "<group>";
		};
		9BE725232848AD080093388A /* View */ = {
			isa = PBXGroup;
			children = (
				9BE725242848AD080093388A /* ProfileNavigationBar.swift */,
				9BE725252848AD080093388A /* ProfileScreen.swift */,
				9BE725262848AD080093388A /* ProductRow.swift */,
				9BE725272848AD080093388A /* ProfileWishlist.swift */,
				9BE725282848AD080093388A /* ProfileOrders.swift */,
			);
			path = View;
			sourceTree = "<group>";
		};
		9BE7252C2848AD080093388A /* SettingsScreen */ = {
			isa = PBXGroup;
			children = (
				9BE7252D2848AD080093388A /* SettingsView */,
			);
			path = SettingsScreen;
			sourceTree = "<group>";
		};
		9BE7252D2848AD080093388A /* SettingsView */ = {
			isa = PBXGroup;
			children = (
				BC4B1C7A284F7F2C003A6138 /* BodySettingsView.swift */,
				9BE7252E2848AD080093388A /* SettingsView.swift */,
				9BE725302848AD080093388A /* BannerViewSettings.swift */,
			);
			path = SettingsView;
			sourceTree = "<group>";
		};
		9BE725312848AD080093388A /* ShoppingCart  */ = {
			isa = PBXGroup;
			children = (
				9BE725322848AD080093388A /* View */,
			);
			path = "ShoppingCart ";
			sourceTree = "<group>";
		};
		9BE725322848AD080093388A /* View */ = {
			isa = PBXGroup;
			children = (
				9BE725332848AD080093388A /* OrderListView.swift */,
				9BE725342848AD080093388A /* OrderRow.swift */,
				9BE725352848AD080093388A /* ProductRowDetails.swift */,
				9BE725362848AD080093388A /* HeaderView.swift */,
				9BE725372848AD080093388A /* emptyList.swift */,
			);
			path = View;
			sourceTree = "<group>";
		};
		9BE725382848AD090093388A /* WishList */ = {
			isa = PBXGroup;
			children = (
				9BE725392848AD090093388A /* View */,
			);
			path = WishList;
			sourceTree = "<group>";
		};
		9BE725392848AD090093388A /* View */ = {
			isa = PBXGroup;
			children = (
				9BE7253A2848AD090093388A /* emptyWishList.swift */,
				9BE7253B2848AD090093388A /* ProductDetailsWishList.swift */,
				9BE7253C2848AD090093388A /* WishListRow.swift */,
				9BE7253D2848AD090093388A /* WishList.swift */,
			);
			path = View;
			sourceTree = "<group>";
		};
		9BE7253E2848AD090093388A /* ProductScreen */ = {
			isa = PBXGroup;
			children = (
				9BE7253F2848AD090093388A /* View */,
			);
			path = ProductScreen;
			sourceTree = "<group>";
		};
		9BE7253F2848AD090093388A /* View */ = {
			isa = PBXGroup;
			children = (
				9BE725402848AD090093388A /* ProductCell.swift */,
				9BE725412848AD090093388A /* ProductScreen.swift */,
			);
			path = View;
			sourceTree = "<group>";
		};
		9BE725422848AD090093388A /* Home */ = {
			isa = PBXGroup;
			children = (
				9BE725432848AD090093388A /* HomeView */,
			);
			path = Home;
			sourceTree = "<group>";
		};
		9BE725432848AD090093388A /* HomeView */ = {
			isa = PBXGroup;
			children = (
				BC4B1C80284F7F78003A6138 /* SearchBarIcon.swift */,
				BC4B1C81284F7F78003A6138 /* TabBarHome.swift */,
				9BE725442848AD090093388A /* BannerView.swift */,
				9BE725452848AD090093388A /* BrandView.swift */,
				9BE725462848AD090093388A /* HomeScreen.swift */,
				9BE725472848AD090093388A /* NavigationHome.swift */,
				9BE725482848AD090093388A /* FakePojo.swift */,
			);
			path = HomeView;
			sourceTree = "<group>";
		};
		9BE725492848AD090093388A /* PaymentScreens */ = {
			isa = PBXGroup;
			children = (
				9BE7254A2848AD090093388A /* View */,
			);
			path = PaymentScreens;
			sourceTree = "<group>";
		};
		9BE7254A2848AD090093388A /* View */ = {
			isa = PBXGroup;
			children = (
				9BE7254B2848AD090093388A /* Address.swift */,
				9BE7254C2848AD090093388A /* PaymentScreens.swift */,
				9BE7254D2848AD090093388A /* AddressItem.swift */,
			);
			path = View;
			sourceTree = "<group>";
		};
		9BE725772848AD230093388A /* Model */ = {
			isa = PBXGroup;
			children = (
				BC4B1C7C284F7F3B003A6138 /* Customer.swift */,
				BC4B1C7D284F7F3B003A6138 /* ErrorResponse.swift */,
				9BE725782848AD230093388A /* Product.swift */,
			);
			path = Model;
			sourceTree = "<group>";
		};
		9BE7257D2848AD230093388A /* Utils */ = {
			isa = PBXGroup;
			children = (
				9BE7257E2848AD230093388A /* Constants.swift */,
			);
			path = Utils;
			sourceTree = "<group>";
		};
		BC4B1C67284F7F17003A6138 /* Services */ = {
			isa = PBXGroup;
			children = (
				BC4B1C68284F7F17003A6138 /* NetworkServices */,
				BC4B1C70284F7F17003A6138 /* CoreDataServices */,
				BC4B1C73284F7F17003A6138 /* Product-Item.swift */,
			);
			path = Services;
			sourceTree = "<group>";
		};
		BC4B1C68284F7F17003A6138 /* NetworkServices */ = {
			isa = PBXGroup;
			children = (
				BC4B1C69284F7F17003A6138 /* Networking */,
			);
			path = NetworkServices;
			sourceTree = "<group>";
		};
		BC4B1C69284F7F17003A6138 /* Networking */ = {
			isa = PBXGroup;
			children = (
				BC4B1C6A284F7F17003A6138 /* API Connection */,
				BC4B1C6D284F7F17003A6138 /* Base */,
			);
			path = Networking;
			sourceTree = "<group>";
		};
		BC4B1C6A284F7F17003A6138 /* API Connection */ = {
			isa = PBXGroup;
			children = (
				BC4B1C6B284F7F17003A6138 /* NetworkAPI.swift */,
				BC4B1C6C284F7F17003A6138 /* NetworkRequest.swift */,
			);
			path = "API Connection";
			sourceTree = "<group>";
		};
		BC4B1C6D284F7F17003A6138 /* Base */ = {
			isa = PBXGroup;
			children = (
				BC4B1C6E284F7F17003A6138 /* TargetType.swift */,
				BC4B1C6F284F7F17003A6138 /* BaseAPI.swift */,
			);
			path = Base;
			sourceTree = "<group>";
		};
		BC4B1C70284F7F17003A6138 /* CoreDataServices */ = {
			isa = PBXGroup;
			children = (
				BC4B1C71284F7F17003A6138 /* E_Commerce_Application.xcdatamodeld */,
			);
			path = CoreDataServices;
			sourceTree = "<group>";
		};
		BC4B1C84284F7F93003A6138 /* ViewModel */ = {
			isa = PBXGroup;
			children = (
				BC4B1C85284F7F93003A6138 /* LoginViewModel.swift */,
			);
			path = ViewModel;
			sourceTree = "<group>";
		};
		BC4B1C87284F7FB1003A6138 /* Register */ = {
			isa = PBXGroup;
			children = (
				BC4B1C88284F7FB1003A6138 /* ViewModel */,
				BC4B1C8A284F7FB1003A6138 /* View */,
			);
			path = Register;
			sourceTree = "<group>";
		};
		BC4B1C88284F7FB1003A6138 /* ViewModel */ = {
			isa = PBXGroup;
			children = (
				BC4B1C89284F7FB1003A6138 /* RegisterViewModel.swift */,
			);
			path = ViewModel;
			sourceTree = "<group>";
		};
		BC4B1C8A284F7FB1003A6138 /* View */ = {
			isa = PBXGroup;
			children = (
				BC4B1C8B284F7FB1003A6138 /* RegisterScreen.swift */,
			);
			path = View;
			sourceTree = "<group>";
		};
		CE151C82085CD6ED388BC391 /* Frameworks */ = {
			isa = PBXGroup;
			children = (
				469D3EC93C5E2DCF9C5078F2 /* Pods_E_Commerce_Application.framework */,
				31A74C2A1EE38A1EAC025EF8 /* Pods_E_Commerce_ApplicationTests.framework */,
			);
			name = Frameworks;
			sourceTree = "<group>";
		};
		D078A937AFC430B77F08BCCE /* Pods */ = {
			isa = PBXGroup;
			children = (
				D12F88E8F1ED3D871A07E083 /* Pods-E-Commerce Application.debug.xcconfig */,
				09147741E2FBF96EF4B3080B /* Pods-E-Commerce Application.release.xcconfig */,
				C7E10D176604350891750C79 /* Pods-E-Commerce ApplicationTests.debug.xcconfig */,
				EBD56879B8196BA006BD4741 /* Pods-E-Commerce ApplicationTests.release.xcconfig */,
			);
			path = Pods;
			sourceTree = "<group>";
		};
/* End PBXGroup section */

/* Begin PBXNativeTarget section */
		09882728284648BA005564D0 /* E-Commerce Application */ = {
			isa = PBXNativeTarget;
			buildConfigurationList = 0988274B284648C4005564D0 /* Build configuration list for PBXNativeTarget "E-Commerce Application" */;
			buildPhases = (
				EBB12DDFBF93D83CB994EA84 /* [CP] Check Pods Manifest.lock */,
				09882725284648BA005564D0 /* Sources */,
				09882726284648BA005564D0 /* Frameworks */,
				09882727284648BA005564D0 /* Resources */,
				3DAA8754BC37158873901007 /* [CP] Embed Pods Frameworks */,
			);
			buildRules = (
			);
			dependencies = (
			);
			name = "E-Commerce Application";
			packageProductDependencies = (
				0988275228464AAF005564D0 /* QGrid */,
			);
			productName = "E-Commerce Application";
			productReference = 09882729284648BA005564D0 /* E-Commerce Application.app */;
			productType = "com.apple.product-type.application";
		};
		09882741284648C4005564D0 /* E-Commerce ApplicationTests */ = {
			isa = PBXNativeTarget;
			buildConfigurationList = 0988274E284648C4005564D0 /* Build configuration list for PBXNativeTarget "E-Commerce ApplicationTests" */;
			buildPhases = (
				400E1F8CD4CE8ECAA60AF5F0 /* [CP] Check Pods Manifest.lock */,
				0988273E284648C4005564D0 /* Sources */,
				0988273F284648C4005564D0 /* Frameworks */,
				09882740284648C4005564D0 /* Resources */,
			);
			buildRules = (
			);
			dependencies = (
				09882744284648C4005564D0 /* PBXTargetDependency */,
			);
			name = "E-Commerce ApplicationTests";
			productName = "E-Commerce ApplicationTests";
			productReference = 09882742284648C4005564D0 /* E-Commerce ApplicationTests.xctest */;
			productType = "com.apple.product-type.bundle.unit-test";
		};
/* End PBXNativeTarget section */

/* Begin PBXProject section */
		09882721284648BA005564D0 /* Project object */ = {
			isa = PBXProject;
			attributes = {
				LastSwiftUpdateCheck = 1100;
				LastUpgradeCheck = 1100;
				ORGANIZATIONNAME = iti;
				TargetAttributes = {
					09882728284648BA005564D0 = {
						CreatedOnToolsVersion = 11.0;
					};
					09882741284648C4005564D0 = {
						CreatedOnToolsVersion = 11.0;
						TestTargetID = 09882728284648BA005564D0;
					};
				};
			};
			buildConfigurationList = 09882724284648BA005564D0 /* Build configuration list for PBXProject "E-Commerce Application" */;
			compatibilityVersion = "Xcode 9.3";
			developmentRegion = en;
			hasScannedForEncodings = 0;
			knownRegions = (
				en,
				Base,
			);
			mainGroup = 09882720284648BA005564D0;
			packageReferences = (
				0988275128464AAF005564D0 /* XCRemoteSwiftPackageReference "QGrid" */,
			);
			productRefGroup = 0988272A284648BA005564D0 /* Products */;
			projectDirPath = "";
			projectRoot = "";
			targets = (
				09882728284648BA005564D0 /* E-Commerce Application */,
				09882741284648C4005564D0 /* E-Commerce ApplicationTests */,
			);
		};
/* End PBXProject section */

/* Begin PBXResourcesBuildPhase section */
		09882727284648BA005564D0 /* Resources */ = {
			isa = PBXResourcesBuildPhase;
			buildActionMask = 2147483647;
			files = (
				0988273C284648C3005564D0 /* LaunchScreen.storyboard in Resources */,
				09882739284648C3005564D0 /* Preview Assets.xcassets in Resources */,
				09882736284648C3005564D0 /* Assets.xcassets in Resources */,
			);
			runOnlyForDeploymentPostprocessing = 0;
		};
		09882740284648C4005564D0 /* Resources */ = {
			isa = PBXResourcesBuildPhase;
			buildActionMask = 2147483647;
			files = (
			);
			runOnlyForDeploymentPostprocessing = 0;
		};
/* End PBXResourcesBuildPhase section */

/* Begin PBXShellScriptBuildPhase section */
		3DAA8754BC37158873901007 /* [CP] Embed Pods Frameworks */ = {
			isa = PBXShellScriptBuildPhase;
			buildActionMask = 2147483647;
			files = (
			);
			inputFileListPaths = (
				"${PODS_ROOT}/Target Support Files/Pods-E-Commerce Application/Pods-E-Commerce Application-frameworks-${CONFIGURATION}-input-files.xcfilelist",
			);
			name = "[CP] Embed Pods Frameworks";
			outputFileListPaths = (
				"${PODS_ROOT}/Target Support Files/Pods-E-Commerce Application/Pods-E-Commerce Application-frameworks-${CONFIGURATION}-output-files.xcfilelist",
			);
			runOnlyForDeploymentPostprocessing = 0;
			shellPath = /bin/sh;
			shellScript = "\"${PODS_ROOT}/Target Support Files/Pods-E-Commerce Application/Pods-E-Commerce Application-frameworks.sh\"\n";
			showEnvVarsInLog = 0;
		};
		400E1F8CD4CE8ECAA60AF5F0 /* [CP] Check Pods Manifest.lock */ = {
			isa = PBXShellScriptBuildPhase;
			buildActionMask = 2147483647;
			files = (
			);
			inputFileListPaths = (
			);
			inputPaths = (
				"${PODS_PODFILE_DIR_PATH}/Podfile.lock",
				"${PODS_ROOT}/Manifest.lock",
			);
			name = "[CP] Check Pods Manifest.lock";
			outputFileListPaths = (
			);
			outputPaths = (
				"$(DERIVED_FILE_DIR)/Pods-E-Commerce ApplicationTests-checkManifestLockResult.txt",
			);
			runOnlyForDeploymentPostprocessing = 0;
			shellPath = /bin/sh;
			shellScript = "diff \"${PODS_PODFILE_DIR_PATH}/Podfile.lock\" \"${PODS_ROOT}/Manifest.lock\" > /dev/null\nif [ $? != 0 ] ; then\n    # print error to STDERR\n    echo \"error: The sandbox is not in sync with the Podfile.lock. Run 'pod install' or update your CocoaPods installation.\" >&2\n    exit 1\nfi\n# This output is used by Xcode 'outputs' to avoid re-running this script phase.\necho \"SUCCESS\" > \"${SCRIPT_OUTPUT_FILE_0}\"\n";
			showEnvVarsInLog = 0;
		};
		EBB12DDFBF93D83CB994EA84 /* [CP] Check Pods Manifest.lock */ = {
			isa = PBXShellScriptBuildPhase;
			buildActionMask = 2147483647;
			files = (
			);
			inputFileListPaths = (
			);
			inputPaths = (
				"${PODS_PODFILE_DIR_PATH}/Podfile.lock",
				"${PODS_ROOT}/Manifest.lock",
			);
			name = "[CP] Check Pods Manifest.lock";
			outputFileListPaths = (
			);
			outputPaths = (
				"$(DERIVED_FILE_DIR)/Pods-E-Commerce Application-checkManifestLockResult.txt",
			);
			runOnlyForDeploymentPostprocessing = 0;
			shellPath = /bin/sh;
			shellScript = "diff \"${PODS_PODFILE_DIR_PATH}/Podfile.lock\" \"${PODS_ROOT}/Manifest.lock\" > /dev/null\nif [ $? != 0 ] ; then\n    # print error to STDERR\n    echo \"error: The sandbox is not in sync with the Podfile.lock. Run 'pod install' or update your CocoaPods installation.\" >&2\n    exit 1\nfi\n# This output is used by Xcode 'outputs' to avoid re-running this script phase.\necho \"SUCCESS\" > \"${SCRIPT_OUTPUT_FILE_0}\"\n";
			showEnvVarsInLog = 0;
		};
/* End PBXShellScriptBuildPhase section */

/* Begin PBXSourcesBuildPhase section */
		09882725284648BA005564D0 /* Sources */ = {
			isa = PBXSourcesBuildPhase;
			buildActionMask = 2147483647;
			files = (
				9BE725552848AD0A0093388A /* CategoryCell.swift in Sources */,
				BC4B1C82284F7F78003A6138 /* SearchBarIcon.swift in Sources */,
				9BE725562848AD0A0093388A /* CategorySearchBar.swift in Sources */,
				9BE7255F2848AD0A0093388A /* ProfileOrders.swift in Sources */,
				9B3E7B422846A95E00E7597F /* ReviewView.swift in Sources */,
				9BE7256D2848AD0A0093388A /* ProductCell.swift in Sources */,
				9BE725522848AD0A0093388A /* PageViewController.swift in Sources */,
				0988272D284648BA005564D0 /* AppDelegate.swift in Sources */,
				9BE725512848AD0A0093388A /* PageControl.swift in Sources */,
				BC4B1C79284F7F17003A6138 /* Product-Item.swift in Sources */,
				9BE725722848AD0A0093388A /* NavigationHome.swift in Sources */,
				9BE725572848AD0A0093388A /* CategoryTabs.swift in Sources */,
				9BE725502848AD0A0093388A /* FeatureCard.swift in Sources */,
				9BE725752848AD0A0093388A /* PaymentScreens.swift in Sources */,
				9BE7256A2848AD0A0093388A /* ProductDetailsWishList.swift in Sources */,
				9BE7256F2848AD0A0093388A /* BannerView.swift in Sources */,
				BC4B1C83284F7F78003A6138 /* TabBarHome.swift in Sources */,
				BC4B1C86284F7F93003A6138 /* LoginViewModel.swift in Sources */,
				9BE725702848AD0A0093388A /* BrandView.swift in Sources */,
				9BE7254E2848AD0A0093388A /* ProductDetailsImage.swift in Sources */,
				9BE7255B2848AD0A0093388A /* ProfileNavigationBar.swift in Sources */,
				9BE7256E2848AD0A0093388A /* ProductScreen.swift in Sources */,
				9BE725582848AD0A0093388A /* CategoryNavigationBar.swift in Sources */,
				BC4B1C78284F7F17003A6138 /* E_Commerce_Application.xcdatamodeld in Sources */,
				BC4B1C8D284F7FB1003A6138 /* RegisterScreen.swift in Sources */,
				9BE725652848AD0A0093388A /* OrderRow.swift in Sources */,
				9BE7255D2848AD0A0093388A /* ProductRow.swift in Sources */,
				9BE7256B2848AD0A0093388A /* WishListRow.swift in Sources */,
				9BE7254F2848AD0A0093388A /* ProductDetailsContent.swift in Sources */,
				9BE725612848AD0A0093388A /* SettingsView.swift in Sources */,
				9BE725822848AD230093388A /* Constants.swift in Sources */,
				9BE725662848AD0A0093388A /* ProductRowDetails.swift in Sources */,
				9BE7255A2848AD0A0093388A /* LoginScreen.swift in Sources */,
				9BE725672848AD0A0093388A /* HeaderView.swift in Sources */,
				9BE725642848AD0A0093388A /* OrderListView.swift in Sources */,
				9BE725682848AD0A0093388A /* emptyList.swift in Sources */,
				9BE725712848AD0A0093388A /* HomeScreen.swift in Sources */,
				9BE725692848AD0A0093388A /* emptyWishList.swift in Sources */,
				0988272F284648BA005564D0 /* SceneDelegate.swift in Sources */,
				9BE725732848AD0A0093388A /* FakePojo.swift in Sources */,
				9BE725532848AD0A0093388A /* PageView.swift in Sources */,
				9BE7255E2848AD0A0093388A /* ProfileWishlist.swift in Sources */,
				BC4B1C76284F7F17003A6138 /* TargetType.swift in Sources */,
				9BE725762848AD0A0093388A /* AddressItem.swift in Sources */,
				BC4B1C7E284F7F3B003A6138 /* Customer.swift in Sources */,
				09882734284648BB005564D0 /* ContentView.swift in Sources */,
				9BE725542848AD0A0093388A /* ProductDetails.swift in Sources */,
				9BE725632848AD0A0093388A /* BannerViewSettings.swift in Sources */,
				9BE7256C2848AD0A0093388A /* WishList.swift in Sources */,
				BC4B1C74284F7F17003A6138 /* NetworkAPI.swift in Sources */,
				BC4B1C75284F7F17003A6138 /* NetworkRequest.swift in Sources */,
				9BE725592848AD0A0093388A /* CategoryScreen.swift in Sources */,
				BC4B1C7B284F7F2C003A6138 /* BodySettingsView.swift in Sources */,
				9BE725742848AD0A0093388A /* Address.swift in Sources */,
				9BE7255C2848AD0A0093388A /* ProfileScreen.swift in Sources */,
				BC4B1C7F284F7F3B003A6138 /* ErrorResponse.swift in Sources */,
				BC4B1C8C284F7FB1003A6138 /* RegisterViewModel.swift in Sources */,
				9BE7257F2848AD230093388A /* Product.swift in Sources */,
				BC4B1C77284F7F17003A6138 /* BaseAPI.swift in Sources */,
			);
			runOnlyForDeploymentPostprocessing = 0;
		};
		0988273E284648C4005564D0 /* Sources */ = {
			isa = PBXSourcesBuildPhase;
			buildActionMask = 2147483647;
			files = (
				09882747284648C4005564D0 /* E_Commerce_ApplicationTests.swift in Sources */,
			);
			runOnlyForDeploymentPostprocessing = 0;
		};
/* End PBXSourcesBuildPhase section */

/* Begin PBXTargetDependency section */
		09882744284648C4005564D0 /* PBXTargetDependency */ = {
			isa = PBXTargetDependency;
			target = 09882728284648BA005564D0 /* E-Commerce Application */;
			targetProxy = 09882743284648C4005564D0 /* PBXContainerItemProxy */;
		};
/* End PBXTargetDependency section */

/* Begin PBXVariantGroup section */
		0988273A284648C3005564D0 /* LaunchScreen.storyboard */ = {
			isa = PBXVariantGroup;
			children = (
				0988273B284648C3005564D0 /* Base */,
			);
			name = LaunchScreen.storyboard;
			sourceTree = "<group>";
		};
/* End PBXVariantGroup section */

/* Begin XCBuildConfiguration section */
		09882749284648C4005564D0 /* Debug */ = {
			isa = XCBuildConfiguration;
			buildSettings = {
				ALWAYS_SEARCH_USER_PATHS = NO;
				CLANG_ANALYZER_NONNULL = YES;
				CLANG_ANALYZER_NUMBER_OBJECT_CONVERSION = YES_AGGRESSIVE;
				CLANG_CXX_LANGUAGE_STANDARD = "gnu++14";
				CLANG_CXX_LIBRARY = "libc++";
				CLANG_ENABLE_MODULES = YES;
				CLANG_ENABLE_OBJC_ARC = YES;
				CLANG_ENABLE_OBJC_WEAK = YES;
				CLANG_WARN_BLOCK_CAPTURE_AUTORELEASING = YES;
				CLANG_WARN_BOOL_CONVERSION = YES;
				CLANG_WARN_COMMA = YES;
				CLANG_WARN_CONSTANT_CONVERSION = YES;
				CLANG_WARN_DEPRECATED_OBJC_IMPLEMENTATIONS = YES;
				CLANG_WARN_DIRECT_OBJC_ISA_USAGE = YES_ERROR;
				CLANG_WARN_DOCUMENTATION_COMMENTS = YES;
				CLANG_WARN_EMPTY_BODY = YES;
				CLANG_WARN_ENUM_CONVERSION = YES;
				CLANG_WARN_INFINITE_RECURSION = YES;
				CLANG_WARN_INT_CONVERSION = YES;
				CLANG_WARN_NON_LITERAL_NULL_CONVERSION = YES;
				CLANG_WARN_OBJC_IMPLICIT_RETAIN_SELF = YES;
				CLANG_WARN_OBJC_LITERAL_CONVERSION = YES;
				CLANG_WARN_OBJC_ROOT_CLASS = YES_ERROR;
				CLANG_WARN_RANGE_LOOP_ANALYSIS = YES;
				CLANG_WARN_STRICT_PROTOTYPES = YES;
				CLANG_WARN_SUSPICIOUS_MOVE = YES;
				CLANG_WARN_UNGUARDED_AVAILABILITY = YES_AGGRESSIVE;
				CLANG_WARN_UNREACHABLE_CODE = YES;
				CLANG_WARN__DUPLICATE_METHOD_MATCH = YES;
				COPY_PHASE_STRIP = NO;
				DEBUG_INFORMATION_FORMAT = dwarf;
				ENABLE_STRICT_OBJC_MSGSEND = YES;
				ENABLE_TESTABILITY = YES;
				GCC_C_LANGUAGE_STANDARD = gnu11;
				GCC_DYNAMIC_NO_PIC = NO;
				GCC_NO_COMMON_BLOCKS = YES;
				GCC_OPTIMIZATION_LEVEL = 0;
				GCC_PREPROCESSOR_DEFINITIONS = (
					"DEBUG=1",
					"$(inherited)",
				);
				GCC_WARN_64_TO_32_BIT_CONVERSION = YES;
				GCC_WARN_ABOUT_RETURN_TYPE = YES_ERROR;
				GCC_WARN_UNDECLARED_SELECTOR = YES;
				GCC_WARN_UNINITIALIZED_AUTOS = YES_AGGRESSIVE;
				GCC_WARN_UNUSED_FUNCTION = YES;
				GCC_WARN_UNUSED_VARIABLE = YES;
				IPHONEOS_DEPLOYMENT_TARGET = 13.0;
				MTL_ENABLE_DEBUG_INFO = INCLUDE_SOURCE;
				MTL_FAST_MATH = YES;
				ONLY_ACTIVE_ARCH = YES;
				SDKROOT = iphoneos;
				SWIFT_ACTIVE_COMPILATION_CONDITIONS = DEBUG;
				SWIFT_OPTIMIZATION_LEVEL = "-Onone";
			};
			name = Debug;
		};
		0988274A284648C4005564D0 /* Release */ = {
			isa = XCBuildConfiguration;
			buildSettings = {
				ALWAYS_SEARCH_USER_PATHS = NO;
				CLANG_ANALYZER_NONNULL = YES;
				CLANG_ANALYZER_NUMBER_OBJECT_CONVERSION = YES_AGGRESSIVE;
				CLANG_CXX_LANGUAGE_STANDARD = "gnu++14";
				CLANG_CXX_LIBRARY = "libc++";
				CLANG_ENABLE_MODULES = YES;
				CLANG_ENABLE_OBJC_ARC = YES;
				CLANG_ENABLE_OBJC_WEAK = YES;
				CLANG_WARN_BLOCK_CAPTURE_AUTORELEASING = YES;
				CLANG_WARN_BOOL_CONVERSION = YES;
				CLANG_WARN_COMMA = YES;
				CLANG_WARN_CONSTANT_CONVERSION = YES;
				CLANG_WARN_DEPRECATED_OBJC_IMPLEMENTATIONS = YES;
				CLANG_WARN_DIRECT_OBJC_ISA_USAGE = YES_ERROR;
				CLANG_WARN_DOCUMENTATION_COMMENTS = YES;
				CLANG_WARN_EMPTY_BODY = YES;
				CLANG_WARN_ENUM_CONVERSION = YES;
				CLANG_WARN_INFINITE_RECURSION = YES;
				CLANG_WARN_INT_CONVERSION = YES;
				CLANG_WARN_NON_LITERAL_NULL_CONVERSION = YES;
				CLANG_WARN_OBJC_IMPLICIT_RETAIN_SELF = YES;
				CLANG_WARN_OBJC_LITERAL_CONVERSION = YES;
				CLANG_WARN_OBJC_ROOT_CLASS = YES_ERROR;
				CLANG_WARN_RANGE_LOOP_ANALYSIS = YES;
				CLANG_WARN_STRICT_PROTOTYPES = YES;
				CLANG_WARN_SUSPICIOUS_MOVE = YES;
				CLANG_WARN_UNGUARDED_AVAILABILITY = YES_AGGRESSIVE;
				CLANG_WARN_UNREACHABLE_CODE = YES;
				CLANG_WARN__DUPLICATE_METHOD_MATCH = YES;
				COPY_PHASE_STRIP = NO;
				DEBUG_INFORMATION_FORMAT = "dwarf-with-dsym";
				ENABLE_NS_ASSERTIONS = NO;
				ENABLE_STRICT_OBJC_MSGSEND = YES;
				GCC_C_LANGUAGE_STANDARD = gnu11;
				GCC_NO_COMMON_BLOCKS = YES;
				GCC_WARN_64_TO_32_BIT_CONVERSION = YES;
				GCC_WARN_ABOUT_RETURN_TYPE = YES_ERROR;
				GCC_WARN_UNDECLARED_SELECTOR = YES;
				GCC_WARN_UNINITIALIZED_AUTOS = YES_AGGRESSIVE;
				GCC_WARN_UNUSED_FUNCTION = YES;
				GCC_WARN_UNUSED_VARIABLE = YES;
				IPHONEOS_DEPLOYMENT_TARGET = 13.0;
				MTL_ENABLE_DEBUG_INFO = NO;
				MTL_FAST_MATH = YES;
				SDKROOT = iphoneos;
				SWIFT_COMPILATION_MODE = wholemodule;
				SWIFT_OPTIMIZATION_LEVEL = "-O";
				VALIDATE_PRODUCT = YES;
			};
			name = Release;
		};
		0988274C284648C4005564D0 /* Debug */ = {
			isa = XCBuildConfiguration;
			baseConfigurationReference = D12F88E8F1ED3D871A07E083 /* Pods-E-Commerce Application.debug.xcconfig */;
			buildSettings = {
				ASSETCATALOG_COMPILER_APPICON_NAME = AppIcon;
				CODE_SIGN_STYLE = Automatic;
				DEVELOPMENT_ASSET_PATHS = "\"E-Commerce Application/Preview Content\"";
				ENABLE_PREVIEWS = YES;
				INFOPLIST_FILE = "E-Commerce Application/Info.plist";
				LD_RUNPATH_SEARCH_PATHS = (
					"$(inherited)",
					"@executable_path/Frameworks",
				);
				PRODUCT_BUNDLE_IDENTIFIER = "EsraaLotfy.E-Commerce-Application";
				PRODUCT_NAME = "$(TARGET_NAME)";
				SWIFT_VERSION = 5.0;
				TARGETED_DEVICE_FAMILY = "1,2";
			};
			name = Debug;
		};
		0988274D284648C4005564D0 /* Release */ = {
			isa = XCBuildConfiguration;
			baseConfigurationReference = 09147741E2FBF96EF4B3080B /* Pods-E-Commerce Application.release.xcconfig */;
			buildSettings = {
				ASSETCATALOG_COMPILER_APPICON_NAME = AppIcon;
				CODE_SIGN_STYLE = Automatic;
				DEVELOPMENT_ASSET_PATHS = "\"E-Commerce Application/Preview Content\"";
				ENABLE_PREVIEWS = YES;
				INFOPLIST_FILE = "E-Commerce Application/Info.plist";
				LD_RUNPATH_SEARCH_PATHS = (
					"$(inherited)",
					"@executable_path/Frameworks",
				);
				PRODUCT_BUNDLE_IDENTIFIER = "EsraaLotfy.E-Commerce-Application";
				PRODUCT_NAME = "$(TARGET_NAME)";
				SWIFT_VERSION = 5.0;
				TARGETED_DEVICE_FAMILY = "1,2";
			};
			name = Release;
		};
		0988274F284648C4005564D0 /* Debug */ = {
			isa = XCBuildConfiguration;
			baseConfigurationReference = C7E10D176604350891750C79 /* Pods-E-Commerce ApplicationTests.debug.xcconfig */;
			buildSettings = {
				ALWAYS_EMBED_SWIFT_STANDARD_LIBRARIES = YES;
				BUNDLE_LOADER = "$(TEST_HOST)";
				CODE_SIGN_STYLE = Automatic;
				INFOPLIST_FILE = "E-Commerce ApplicationTests/Info.plist";
				IPHONEOS_DEPLOYMENT_TARGET = 13.0;
				LD_RUNPATH_SEARCH_PATHS = (
					"$(inherited)",
					"@executable_path/Frameworks",
					"@loader_path/Frameworks",
				);
				PRODUCT_BUNDLE_IDENTIFIER = "EsraaLotfy.E-Commerce-ApplicationTests";
				PRODUCT_NAME = "$(TARGET_NAME)";
				SWIFT_VERSION = 5.0;
				TARGETED_DEVICE_FAMILY = "1,2";
				TEST_HOST = "$(BUILT_PRODUCTS_DIR)/E-Commerce Application.app/E-Commerce Application";
			};
			name = Debug;
		};
		09882750284648C4005564D0 /* Release */ = {
			isa = XCBuildConfiguration;
			baseConfigurationReference = EBD56879B8196BA006BD4741 /* Pods-E-Commerce ApplicationTests.release.xcconfig */;
			buildSettings = {
				ALWAYS_EMBED_SWIFT_STANDARD_LIBRARIES = YES;
				BUNDLE_LOADER = "$(TEST_HOST)";
				CODE_SIGN_STYLE = Automatic;
				INFOPLIST_FILE = "E-Commerce ApplicationTests/Info.plist";
				IPHONEOS_DEPLOYMENT_TARGET = 13.0;
				LD_RUNPATH_SEARCH_PATHS = (
					"$(inherited)",
					"@executable_path/Frameworks",
					"@loader_path/Frameworks",
				);
				PRODUCT_BUNDLE_IDENTIFIER = "EsraaLotfy.E-Commerce-ApplicationTests";
				PRODUCT_NAME = "$(TARGET_NAME)";
				SWIFT_VERSION = 5.0;
				TARGETED_DEVICE_FAMILY = "1,2";
				TEST_HOST = "$(BUILT_PRODUCTS_DIR)/E-Commerce Application.app/E-Commerce Application";
			};
			name = Release;
		};
/* End XCBuildConfiguration section */

/* Begin XCConfigurationList section */
		09882724284648BA005564D0 /* Build configuration list for PBXProject "E-Commerce Application" */ = {
			isa = XCConfigurationList;
			buildConfigurations = (
				09882749284648C4005564D0 /* Debug */,
				0988274A284648C4005564D0 /* Release */,
			);
			defaultConfigurationIsVisible = 0;
			defaultConfigurationName = Release;
		};
		0988274B284648C4005564D0 /* Build configuration list for PBXNativeTarget "E-Commerce Application" */ = {
			isa = XCConfigurationList;
			buildConfigurations = (
				0988274C284648C4005564D0 /* Debug */,
				0988274D284648C4005564D0 /* Release */,
			);
			defaultConfigurationIsVisible = 0;
			defaultConfigurationName = Release;
		};
		0988274E284648C4005564D0 /* Build configuration list for PBXNativeTarget "E-Commerce ApplicationTests" */ = {
			isa = XCConfigurationList;
			buildConfigurations = (
				0988274F284648C4005564D0 /* Debug */,
				09882750284648C4005564D0 /* Release */,
			);
			defaultConfigurationIsVisible = 0;
			defaultConfigurationName = Release;
		};
/* End XCConfigurationList section */

/* Begin XCRemoteSwiftPackageReference section */
		0988275128464AAF005564D0 /* XCRemoteSwiftPackageReference "QGrid" */ = {
			isa = XCRemoteSwiftPackageReference;
			repositoryURL = "https://github.com/Q-Mobile/QGrid";
			requirement = {
				kind = upToNextMajorVersion;
				minimumVersion = 0.1.4;
			};
		};
/* End XCRemoteSwiftPackageReference section */

/* Begin XCSwiftPackageProductDependency section */
		0988275228464AAF005564D0 /* QGrid */ = {
			isa = XCSwiftPackageProductDependency;
			package = 0988275128464AAF005564D0 /* XCRemoteSwiftPackageReference "QGrid" */;
			productName = QGrid;
		};
/* End XCSwiftPackageProductDependency section */

/* Begin XCVersionGroup section */
		BC4B1C71284F7F17003A6138 /* E_Commerce_Application.xcdatamodeld */ = {
			isa = XCVersionGroup;
			children = (
				BC4B1C72284F7F17003A6138 /* E_Commerce_Application.xcdatamodel */,
			);
			currentVersion = BC4B1C72284F7F17003A6138 /* E_Commerce_Application.xcdatamodel */;
			path = E_Commerce_Application.xcdatamodeld;
			sourceTree = "<group>";
			versionGroupType = wrapper.xcdatamodel;
		};
/* End XCVersionGroup section */
	};
	rootObject = 09882721284648BA005564D0 /* Project object */;
}
